
Microsoft Visual Studio Solution File, Format Version 12.00
# Visual Studio 14
VisualStudioVersion = 14.0.24720.0
MinimumVisualStudioVersion = 10.0.40219.1
Project("{FAE04EC0-301F-11D3-BF4B-00C04F79EFBC}") = "AppToDoTasks.Droid", "AppToDoTasks\AppToDoTasks.Droid\AppToDoTasks.Droid.csproj", "{28B00DD5-0C03-41C4-844A-08B15A2F875A}"
EndProject
Project("{FAE04EC0-301F-11D3-BF4B-00C04F79EFBC}") = "AppToDoTasks.iOS", "AppToDoTasks\AppToDoTasks.iOS\AppToDoTasks.iOS.csproj", "{EC817D22-1B02-41F1-890A-B0642F7D626E}"
EndProject
Project("{FAE04EC0-301F-11D3-BF4B-00C04F79EFBC}") = "AppToDoTasks.WinPhone", "AppToDoTasks\AppToDoTasks.WinPhone\AppToDoTasks.WinPhone.csproj", "{E713445F-837C-42EA-8597-C7CFA56F05DD}"
EndProject
Project("{FAE04EC0-301F-11D3-BF4B-00C04F79EFBC}") = "AppToDoTasks", "AppToDoTasks\AppToDoTasks\AppToDoTasks.csproj", "{0D273AC1-D407-42BD-A65D-0AEE88DB35B1}"
EndProject
Project("{2150E333-8FDC-42A3-9474-1A3956D46DE8}") = "Targets", "Targets", "{5941BD9F-6029-4104-B5D3-5AF01F025284}"
EndProject
Global
	GlobalSection(SolutionConfigurationPlatforms) = preSolution
		Ad-Hoc|Any CPU = Ad-Hoc|Any CPU
		Ad-Hoc|ARM = Ad-Hoc|ARM
		Ad-Hoc|iPhone = Ad-Hoc|iPhone
		Ad-Hoc|iPhoneSimulator = Ad-Hoc|iPhoneSimulator
		Ad-Hoc|x86 = Ad-Hoc|x86
		AppStore|Any CPU = AppStore|Any CPU
		AppStore|ARM = AppStore|ARM
		AppStore|iPhone = AppStore|iPhone
		AppStore|iPhoneSimulator = AppStore|iPhoneSimulator
		AppStore|x86 = AppStore|x86
		Debug|Any CPU = Debug|Any CPU
		Debug|ARM = Debug|ARM
		Debug|iPhone = Debug|iPhone
		Debug|iPhoneSimulator = Debug|iPhoneSimulator
		Debug|x86 = Debug|x86
		Release|Any CPU = Release|Any CPU
		Release|ARM = Release|ARM
		Release|iPhone = Release|iPhone
		Release|iPhoneSimulator = Release|iPhoneSimulator
		Release|x86 = Release|x86
	EndGlobalSection
	GlobalSection(ProjectConfigurationPlatforms) = postSolution
		{28B00DD5-0C03-41C4-844A-08B15A2F875A}.Ad-Hoc|Any CPU.ActiveCfg = Release|Any CPU
		{28B00DD5-0C03-41C4-844A-08B15A2F875A}.Ad-Hoc|Any CPU.Build.0 = Release|Any CPU
		{28B00DD5-0C03-41C4-844A-08B15A2F875A}.Ad-Hoc|Any CPU.Deploy.0 = Release|Any CPU
		{28B00DD5-0C03-41C4-844A-08B15A2F875A}.Ad-Hoc|ARM.ActiveCfg = Release|Any CPU
		{28B00DD5-0C03-41C4-844A-08B15A2F875A}.Ad-Hoc|ARM.Build.0 = Release|Any CPU
		{28B00DD5-0C03-41C4-844A-08B15A2F875A}.Ad-Hoc|ARM.Deploy.0 = Release|Any CPU
		{28B00DD5-0C03-41C4-844A-08B15A2F875A}.Ad-Hoc|iPhone.ActiveCfg = Release|Any CPU
		{28B00DD5-0C03-41C4-844A-08B15A2F875A}.Ad-Hoc|iPhone.Build.0 = Release|Any CPU
		{28B00DD5-0C03-41C4-844A-08B15A2F875A}.Ad-Hoc|iPhone.Deploy.0 = Release|Any CPU
		{28B00DD5-0C03-41C4-844A-08B15A2F875A}.Ad-Hoc|iPhoneSimulator.ActiveCfg = Release|Any CPU
		{28B00DD5-0C03-41C4-844A-08B15A2F875A}.Ad-Hoc|iPhoneSimulator.Build.0 = Release|Any CPU
		{28B00DD5-0C03-41C4-844A-08B15A2F875A}.Ad-Hoc|iPhoneSimulator.Deploy.0 = Release|Any CPU
		{28B00DD5-0C03-41C4-844A-08B15A2F875A}.Ad-Hoc|x86.ActiveCfg = Release|Any CPU
		{28B00DD5-0C03-41C4-844A-08B15A2F875A}.Ad-Hoc|x86.Build.0 = Release|Any CPU
		{28B00DD5-0C03-41C4-844A-08B15A2F875A}.Ad-Hoc|x86.Deploy.0 = Release|Any CPU
		{28B00DD5-0C03-41C4-844A-08B15A2F875A}.AppStore|Any CPU.ActiveCfg = Release|Any CPU
		{28B00DD5-0C03-41C4-844A-08B15A2F875A}.AppStore|Any CPU.Build.0 = Release|Any CPU
		{28B00DD5-0C03-41C4-844A-08B15A2F875A}.AppStore|Any CPU.Deploy.0 = Release|Any CPU
		{28B00DD5-0C03-41C4-844A-08B15A2F875A}.AppStore|ARM.ActiveCfg = Release|Any CPU
		{28B00DD5-0C03-41C4-844A-08B15A2F875A}.AppStore|ARM.Build.0 = Release|Any CPU
		{28B00DD5-0C03-41C4-844A-08B15A2F875A}.AppStore|ARM.Deploy.0 = Release|Any CPU
		{28B00DD5-0C03-41C4-844A-08B15A2F875A}.AppStore|iPhone.ActiveCfg = Release|Any CPU
		{28B00DD5-0C03-41C4-844A-08B15A2F875A}.AppStore|iPhone.Build.0 = Release|Any CPU
		{28B00DD5-0C03-41C4-844A-08B15A2F875A}.AppStore|iPhone.Deploy.0 = Release|Any CPU
		{28B00DD5-0C03-41C4-844A-08B15A2F875A}.AppStore|iPhoneSimulator.ActiveCfg = Release|Any CPU
		{28B00DD5-0C03-41C4-844A-08B15A2F875A}.AppStore|iPhoneSimulator.Build.0 = Release|Any CPU
		{28B00DD5-0C03-41C4-844A-08B15A2F875A}.AppStore|iPhoneSimulator.Deploy.0 = Release|Any CPU
		{28B00DD5-0C03-41C4-844A-08B15A2F875A}.AppStore|x86.ActiveCfg = Release|Any CPU
		{28B00DD5-0C03-41C4-844A-08B15A2F875A}.AppStore|x86.Build.0 = Release|Any CPU
		{28B00DD5-0C03-41C4-844A-08B15A2F875A}.AppStore|x86.Deploy.0 = Release|Any CPU
		{28B00DD5-0C03-41C4-844A-08B15A2F875A}.Debug|Any CPU.ActiveCfg = Debug|Any CPU
		{28B00DD5-0C03-41C4-844A-08B15A2F875A}.Debug|Any CPU.Build.0 = Debug|Any CPU
		{28B00DD5-0C03-41C4-844A-08B15A2F875A}.Debug|Any CPU.Deploy.0 = Debug|Any CPU
		{28B00DD5-0C03-41C4-844A-08B15A2F875A}.Debug|ARM.ActiveCfg = Debug|Any CPU
		{28B00DD5-0C03-41C4-844A-08B15A2F875A}.Debug|ARM.Build.0 = Debug|Any CPU
		{28B00DD5-0C03-41C4-844A-08B15A2F875A}.Debug|ARM.Deploy.0 = Debug|Any CPU
		{28B00DD5-0C03-41C4-844A-08B15A2F875A}.Debug|iPhone.ActiveCfg = Debug|Any CPU
		{28B00DD5-0C03-41C4-844A-08B15A2F875A}.Debug|iPhone.Build.0 = Debug|Any CPU
		{28B00DD5-0C03-41C4-844A-08B15A2F875A}.Debug|iPhone.Deploy.0 = Debug|Any CPU
		{28B00DD5-0C03-41C4-844A-08B15A2F875A}.Debug|iPhoneSimulator.ActiveCfg = Debug|Any CPU
		{28B00DD5-0C03-41C4-844A-08B15A2F875A}.Debug|iPhoneSimulator.Build.0 = Debug|Any CPU
		{28B00DD5-0C03-41C4-844A-08B15A2F875A}.Debug|iPhoneSimulator.Deploy.0 = Debug|Any CPU
		{28B00DD5-0C03-41C4-844A-08B15A2F875A}.Debug|x86.ActiveCfg = Debug|Any CPU
		{28B00DD5-0C03-41C4-844A-08B15A2F875A}.Debug|x86.Build.0 = Debug|Any CPU
		{28B00DD5-0C03-41C4-844A-08B15A2F875A}.Debug|x86.Deploy.0 = Debug|Any CPU
		{28B00DD5-0C03-41C4-844A-08B15A2F875A}.Release|Any CPU.ActiveCfg = Release|Any CPU
		{28B00DD5-0C03-41C4-844A-08B15A2F875A}.Release|Any CPU.Build.0 = Release|Any CPU
		{28B00DD5-0C03-41C4-844A-08B15A2F875A}.Release|Any CPU.Deploy.0 = Release|Any CPU
		{28B00DD5-0C03-41C4-844A-08B15A2F875A}.Release|ARM.ActiveCfg = Release|Any CPU
		{28B00DD5-0C03-41C4-844A-08B15A2F875A}.Release|ARM.Build.0 = Release|Any CPU
		{28B00DD5-0C03-41C4-844A-08B15A2F875A}.Release|ARM.Deploy.0 = Release|Any CPU
		{28B00DD5-0C03-41C4-844A-08B15A2F875A}.Release|iPhone.ActiveCfg = Release|Any CPU
		{28B00DD5-0C03-41C4-844A-08B15A2F875A}.Release|iPhone.Build.0 = Release|Any CPU
		{28B00DD5-0C03-41C4-844A-08B15A2F875A}.Release|iPhone.Deploy.0 = Release|Any CPU
		{28B00DD5-0C03-41C4-844A-08B15A2F875A}.Release|iPhoneSimulator.ActiveCfg = Release|Any CPU
		{28B00DD5-0C03-41C4-844A-08B15A2F875A}.Release|iPhoneSimulator.Build.0 = Release|Any CPU
		{28B00DD5-0C03-41C4-844A-08B15A2F875A}.Release|iPhoneSimulator.Deploy.0 = Release|Any CPU
		{28B00DD5-0C03-41C4-844A-08B15A2F875A}.Release|x86.ActiveCfg = Release|Any CPU
		{28B00DD5-0C03-41C4-844A-08B15A2F875A}.Release|x86.Build.0 = Release|Any CPU
		{28B00DD5-0C03-41C4-844A-08B15A2F875A}.Release|x86.Deploy.0 = Release|Any CPU
		{EC817D22-1B02-41F1-890A-B0642F7D626E}.Ad-Hoc|Any CPU.ActiveCfg = Ad-Hoc|iPhone
		{EC817D22-1B02-41F1-890A-B0642F7D626E}.Ad-Hoc|ARM.ActiveCfg = Ad-Hoc|iPhone
		{EC817D22-1B02-41F1-890A-B0642F7D626E}.Ad-Hoc|iPhone.ActiveCfg = Ad-Hoc|iPhone
		{EC817D22-1B02-41F1-890A-B0642F7D626E}.Ad-Hoc|iPhone.Build.0 = Ad-Hoc|iPhone
		{EC817D22-1B02-41F1-890A-B0642F7D626E}.Ad-Hoc|iPhoneSimulator.ActiveCfg = Ad-Hoc|iPhoneSimulator
		{EC817D22-1B02-41F1-890A-B0642F7D626E}.Ad-Hoc|iPhoneSimulator.Build.0 = Ad-Hoc|iPhoneSimulator
		{EC817D22-1B02-41F1-890A-B0642F7D626E}.Ad-Hoc|x86.ActiveCfg = Ad-Hoc|iPhone
		{EC817D22-1B02-41F1-890A-B0642F7D626E}.AppStore|Any CPU.ActiveCfg = AppStore|iPhone
		{EC817D22-1B02-41F1-890A-B0642F7D626E}.AppStore|ARM.ActiveCfg = AppStore|iPhone
		{EC817D22-1B02-41F1-890A-B0642F7D626E}.AppStore|iPhone.ActiveCfg = AppStore|iPhone
		{EC817D22-1B02-41F1-890A-B0642F7D626E}.AppStore|iPhone.Build.0 = AppStore|iPhone
		{EC817D22-1B02-41F1-890A-B0642F7D626E}.AppStore|iPhoneSimulator.ActiveCfg = AppStore|iPhoneSimulator
		{EC817D22-1B02-41F1-890A-B0642F7D626E}.AppStore|iPhoneSimulator.Build.0 = AppStore|iPhoneSimulator
		{EC817D22-1B02-41F1-890A-B0642F7D626E}.AppStore|x86.ActiveCfg = AppStore|iPhone
		{EC817D22-1B02-41F1-890A-B0642F7D626E}.Debug|Any CPU.ActiveCfg = Debug|iPhone
		{EC817D22-1B02-41F1-890A-B0642F7D626E}.Debug|ARM.ActiveCfg = Debug|iPhone
		{EC817D22-1B02-41F1-890A-B0642F7D626E}.Debug|iPhone.ActiveCfg = Debug|iPhone
		{EC817D22-1B02-41F1-890A-B0642F7D626E}.Debug|iPhone.Build.0 = Debug|iPhone
		{EC817D22-1B02-41F1-890A-B0642F7D626E}.Debug|iPhoneSimulator.ActiveCfg = Debug|iPhoneSimulator
		{EC817D22-1B02-41F1-890A-B0642F7D626E}.Debug|iPhoneSimulator.Build.0 = Debug|iPhoneSimulator
		{EC817D22-1B02-41F1-890A-B0642F7D626E}.Debug|x86.ActiveCfg = Debug|iPhone
		{EC817D22-1B02-41F1-890A-B0642F7D626E}.Release|Any CPU.ActiveCfg = Release|iPhone
		{EC817D22-1B02-41F1-890A-B0642F7D626E}.Release|ARM.ActiveCfg = Release|iPhone
		{EC817D22-1B02-41F1-890A-B0642F7D626E}.Release|iPhone.ActiveCfg = Release|iPhone
		{EC817D22-1B02-41F1-890A-B0642F7D626E}.Release|iPhone.Build.0 = Release|iPhone
		{EC817D22-1B02-41F1-890A-B0642F7D626E}.Release|iPhoneSimulator.ActiveCfg = Release|iPhoneSimulator
		{EC817D22-1B02-41F1-890A-B0642F7D626E}.Release|iPhoneSimulator.Build.0 = Release|iPhoneSimulator
		{EC817D22-1B02-41F1-890A-B0642F7D626E}.Release|x86.ActiveCfg = Release|iPhone
		{E713445F-837C-42EA-8597-C7CFA56F05DD}.Ad-Hoc|Any CPU.ActiveCfg = Release|Any CPU
		{E713445F-837C-42EA-8597-C7CFA56F05DD}.Ad-Hoc|Any CPU.Build.0 = Release|Any CPU
		{E713445F-837C-42EA-8597-C7CFA56F05DD}.Ad-Hoc|Any CPU.Deploy.0 = Release|Any CPU
		{E713445F-837C-42EA-8597-C7CFA56F05DD}.Ad-Hoc|ARM.ActiveCfg = Release|ARM
		{E713445F-837C-42EA-8597-C7CFA56F05DD}.Ad-Hoc|ARM.Build.0 = Release|ARM
		{E713445F-837C-42EA-8597-C7CFA56F05DD}.Ad-Hoc|ARM.Deploy.0 = Release|ARM
		{E713445F-837C-42EA-8597-C7CFA56F05DD}.Ad-Hoc|iPhone.ActiveCfg = Release|Any CPU
		{E713445F-837C-42EA-8597-C7CFA56F05DD}.Ad-Hoc|iPhone.Build.0 = Release|Any CPU
		{E713445F-837C-42EA-8597-C7CFA56F05DD}.Ad-Hoc|iPhone.Deploy.0 = Release|Any CPU
		{E713445F-837C-42EA-8597-C7CFA56F05DD}.Ad-Hoc|iPhoneSimulator.ActiveCfg = Release|Any CPU
		{E713445F-837C-42EA-8597-C7CFA56F05DD}.Ad-Hoc|iPhoneSimulator.Build.0 = Release|Any CPU
		{E713445F-837C-42EA-8597-C7CFA56F05DD}.Ad-Hoc|iPhoneSimulator.Deploy.0 = Release|Any CPU
		{E713445F-837C-42EA-8597-C7CFA56F05DD}.Ad-Hoc|x86.ActiveCfg = Release|x86
		{E713445F-837C-42EA-8597-C7CFA56F05DD}.Ad-Hoc|x86.Build.0 = Release|x86
		{E713445F-837C-42EA-8597-C7CFA56F05DD}.Ad-Hoc|x86.Deploy.0 = Release|x86
		{E713445F-837C-42EA-8597-C7CFA56F05DD}.AppStore|Any CPU.ActiveCfg = Release|Any CPU
		{E713445F-837C-42EA-8597-C7CFA56F05DD}.AppStore|Any CPU.Build.0 = Release|Any CPU
		{E713445F-837C-42EA-8597-C7CFA56F05DD}.AppStore|Any CPU.Deploy.0 = Release|Any CPU
		{E713445F-837C-42EA-8597-C7CFA56F05DD}.AppStore|ARM.ActiveCfg = Release|ARM
		{E713445F-837C-42EA-8597-C7CFA56F05DD}.AppStore|ARM.Build.0 = Release|ARM
		{E713445F-837C-42EA-8597-C7CFA56F05DD}.AppStore|ARM.Deploy.0 = Release|ARM
		{E713445F-837C-42EA-8597-C7CFA56F05DD}.AppStore|iPhone.ActiveCfg = Release|Any CPU
		{E713445F-837C-42EA-8597-C7CFA56F05DD}.AppStore|iPhone.Build.0 = Release|Any CPU
		{E713445F-837C-42EA-8597-C7CFA56F05DD}.AppStore|iPhone.Deploy.0 = Release|Any CPU
		{E713445F-837C-42EA-8597-C7CFA56F05DD}.AppStore|iPhoneSimulator.ActiveCfg = Release|Any CPU
		{E713445F-837C-42EA-8597-C7CFA56F05DD}.AppStore|iPhoneSimulator.Build.0 = Release|Any CPU
		{E713445F-837C-42EA-8597-C7CFA56F05DD}.AppStore|iPhoneSimulator.Deploy.0 = Release|Any CPU
		{E713445F-837C-42EA-8597-C7CFA56F05DD}.AppStore|x86.ActiveCfg = Release|x86
		{E713445F-837C-42EA-8597-C7CFA56F05DD}.AppStore|x86.Build.0 = Release|x86
		{E713445F-837C-42EA-8597-C7CFA56F05DD}.AppStore|x86.Deploy.0 = Release|x86
		{E713445F-837C-42EA-8597-C7CFA56F05DD}.Debug|Any CPU.ActiveCfg = Debug|Any CPU
		{E713445F-837C-42EA-8597-C7CFA56F05DD}.Debug|Any CPU.Build.0 = Debug|Any CPU
		{E713445F-837C-42EA-8597-C7CFA56F05DD}.Debug|Any CPU.Deploy.0 = Debug|Any CPU
		{E713445F-837C-42EA-8597-C7CFA56F05DD}.Debug|ARM.ActiveCfg = Debug|ARM
		{E713445F-837C-42EA-8597-C7CFA56F05DD}.Debug|ARM.Build.0 = Debug|ARM
		{E713445F-837C-42EA-8597-C7CFA56F05DD}.Debug|ARM.Deploy.0 = Debug|ARM
		{E713445F-837C-42EA-8597-C7CFA56F05DD}.Debug|iPhone.ActiveCfg = Debug|Any CPU
		{E713445F-837C-42EA-8597-C7CFA56F05DD}.Debug|iPhone.Build.0 = Debug|Any CPU
		{E713445F-837C-42EA-8597-C7CFA56F05DD}.Debug|iPhone.Deploy.0 = Debug|Any CPU
		{E713445F-837C-42EA-8597-C7CFA56F05DD}.Debug|iPhoneSimulator.ActiveCfg = Debug|Any CPU
		{E713445F-837C-42EA-8597-C7CFA56F05DD}.Debug|iPhoneSimulator.Build.0 = Debug|Any CPU
		{E713445F-837C-42EA-8597-C7CFA56F05DD}.Debug|iPhoneSimulator.Deploy.0 = Debug|Any CPU
		{E713445F-837C-42EA-8597-C7CFA56F05DD}.Debug|x86.ActiveCfg = Debug|x86
		{E713445F-837C-42EA-8597-C7CFA56F05DD}.Debug|x86.Build.0 = Debug|x86
		{E713445F-837C-42EA-8597-C7CFA56F05DD}.Debug|x86.Deploy.0 = Debug|x86
		{E713445F-837C-42EA-8597-C7CFA56F05DD}.Release|Any CPU.ActiveCfg = Release|Any CPU
		{E713445F-837C-42EA-8597-C7CFA56F05DD}.Release|Any CPU.Build.0 = Release|Any CPU
		{E713445F-837C-42EA-8597-C7CFA56F05DD}.Release|Any CPU.Deploy.0 = Release|Any CPU
		{E713445F-837C-42EA-8597-C7CFA56F05DD}.Release|ARM.ActiveCfg = Release|ARM
		{E713445F-837C-42EA-8597-C7CFA56F05DD}.Release|ARM.Build.0 = Release|ARM
		{E713445F-837C-42EA-8597-C7CFA56F05DD}.Release|ARM.Deploy.0 = Release|ARM
		{E713445F-837C-42EA-8597-C7CFA56F05DD}.Release|iPhone.ActiveCfg = Release|Any CPU
		{E713445F-837C-42EA-8597-C7CFA56F05DD}.Release|iPhone.Build.0 = Release|Any CPU
		{E713445F-837C-42EA-8597-C7CFA56F05DD}.Release|iPhone.Deploy.0 = Release|Any CPU
		{E713445F-837C-42EA-8597-C7CFA56F05DD}.Release|iPhoneSimulator.ActiveCfg = Release|Any CPU
		{E713445F-837C-42EA-8597-C7CFA56F05DD}.Release|iPhoneSimulator.Build.0 = Release|Any CPU
		{E713445F-837C-42EA-8597-C7CFA56F05DD}.Release|iPhoneSimulator.Deploy.0 = Release|Any CPU
		{E713445F-837C-42EA-8597-C7CFA56F05DD}.Release|x86.ActiveCfg = Release|x86
		{E713445F-837C-42EA-8597-C7CFA56F05DD}.Release|x86.Build.0 = Release|x86
		{E713445F-837C-42EA-8597-C7CFA56F05DD}.Release|x86.Deploy.0 = Release|x86
		{0D273AC1-D407-42BD-A65D-0AEE88DB35B1}.Ad-Hoc|Any CPU.ActiveCfg = Release|Any CPU
		{0D273AC1-D407-42BD-A65D-0AEE88DB35B1}.Ad-Hoc|Any CPU.Build.0 = Release|Any CPU
		{0D273AC1-D407-42BD-A65D-0AEE88DB35B1}.Ad-Hoc|ARM.ActiveCfg = Release|Any CPU
		{0D273AC1-D407-42BD-A65D-0AEE88DB35B1}.Ad-Hoc|ARM.Build.0 = Release|Any CPU
		{0D273AC1-D407-42BD-A65D-0AEE88DB35B1}.Ad-Hoc|iPhone.ActiveCfg = Release|Any CPU
		{0D273AC1-D407-42BD-A65D-0AEE88DB35B1}.Ad-Hoc|iPhone.Build.0 = Release|Any CPU
		{0D273AC1-D407-42BD-A65D-0AEE88DB35B1}.Ad-Hoc|iPhoneSimulator.ActiveCfg = Release|Any CPU
		{0D273AC1-D407-42BD-A65D-0AEE88DB35B1}.Ad-Hoc|iPhoneSimulator.Build.0 = Release|Any CPU
		{0D273AC1-D407-42BD-A65D-0AEE88DB35B1}.Ad-Hoc|x86.ActiveCfg = Release|Any CPU
		{0D273AC1-D407-42BD-A65D-0AEE88DB35B1}.Ad-Hoc|x86.Build.0 = Release|Any CPU
		{0D273AC1-D407-42BD-A65D-0AEE88DB35B1}.AppStore|Any CPU.ActiveCfg = Release|Any CPU
		{0D273AC1-D407-42BD-A65D-0AEE88DB35B1}.AppStore|Any CPU.Build.0 = Release|Any CPU
		{0D273AC1-D407-42BD-A65D-0AEE88DB35B1}.AppStore|ARM.ActiveCfg = Release|Any CPU
		{0D273AC1-D407-42BD-A65D-0AEE88DB35B1}.AppStore|ARM.Build.0 = Release|Any CPU
		{0D273AC1-D407-42BD-A65D-0AEE88DB35B1}.AppStore|iPhone.ActiveCfg = Release|Any CPU
		{0D273AC1-D407-42BD-A65D-0AEE88DB35B1}.AppStore|iPhone.Build.0 = Release|Any CPU
		{0D273AC1-D407-42BD-A65D-0AEE88DB35B1}.AppStore|iPhoneSimulator.ActiveCfg = Release|Any CPU
		{0D273AC1-D407-42BD-A65D-0AEE88DB35B1}.AppStore|iPhoneSimulator.Build.0 = Release|Any CPU
		{0D273AC1-D407-42BD-A65D-0AEE88DB35B1}.AppStore|x86.ActiveCfg = Release|Any CPU
		{0D273AC1-D407-42BD-A65D-0AEE88DB35B1}.AppStore|x86.Build.0 = Release|Any CPU
		{0D273AC1-D407-42BD-A65D-0AEE88DB35B1}.Debug|Any CPU.ActiveCfg = Debug|Any CPU
		{0D273AC1-D407-42BD-A65D-0AEE88DB35B1}.Debug|Any CPU.Build.0 = Debug|Any CPU
		{0D273AC1-D407-42BD-A65D-0AEE88DB35B1}.Debug|ARM.ActiveCfg = Debug|Any CPU
		{0D273AC1-D407-42BD-A65D-0AEE88DB35B1}.Debug|ARM.Build.0 = Debug|Any CPU
		{0D273AC1-D407-42BD-A65D-0AEE88DB35B1}.Debug|iPhone.ActiveCfg = Debug|Any CPU
		{0D273AC1-D407-42BD-A65D-0AEE88DB35B1}.Debug|iPhone.Build.0 = Debug|Any CPU
		{0D273AC1-D407-42BD-A65D-0AEE88DB35B1}.Debug|iPhoneSimulator.ActiveCfg = Debug|Any CPU
		{0D273AC1-D407-42BD-A65D-0AEE88DB35B1}.Debug|iPhoneSimulator.Build.0 = Debug|Any CPU
		{0D273AC1-D407-42BD-A65D-0AEE88DB35B1}.Debug|x86.ActiveCfg = Debug|Any CPU
		{0D273AC1-D407-42BD-A65D-0AEE88DB35B1}.Debug|x86.Build.0 = Debug|Any CPU
		{0D273AC1-D407-42BD-A65D-0AEE88DB35B1}.Release|Any CPU.ActiveCfg = Release|Any CPU
		{0D273AC1-D407-42BD-A65D-0AEE88DB35B1}.Release|Any CPU.Build.0 = Release|Any CPU
		{0D273AC1-D407-42BD-A65D-0AEE88DB35B1}.Release|ARM.ActiveCfg = Release|Any CPU
		{0D273AC1-D407-42BD-A65D-0AEE88DB35B1}.Release|ARM.Build.0 = Release|Any CPU
		{0D273AC1-D407-42BD-A65D-0AEE88DB35B1}.Release|iPhone.ActiveCfg = Release|Any CPU
		{0D273AC1-D407-42BD-A65D-0AEE88DB35B1}.Release|iPhone.Build.0 = Release|Any CPU
		{0D273AC1-D407-42BD-A65D-0AEE88DB35B1}.Release|iPhoneSimulator.ActiveCfg = Release|Any CPU
		{0D273AC1-D407-42BD-A65D-0AEE88DB35B1}.Release|iPhoneSimulator.Build.0 = Release|Any CPU
		{0D273AC1-D407-42BD-A65D-0AEE88DB35B1}.Release|x86.ActiveCfg = Release|Any CPU
		{0D273AC1-D407-42BD-A65D-0AEE88DB35B1}.Release|x86.Build.0 = Release|Any CPU
	EndGlobalSection
	GlobalSection(SolutionProperties) = preSolution
		HideSolutionNode = FALSE
	EndGlobalSection
	GlobalSection(NestedProjects) = preSolution
		{28B00DD5-0C03-41C4-844A-08B15A2F875A} = {5941BD9F-6029-4104-B5D3-5AF01F025284}
		{EC817D22-1B02-41F1-890A-B0642F7D626E} = {5941BD9F-6029-4104-B5D3-5AF01F025284}
		{E713445F-837C-42EA-8597-C7CFA56F05DD} = {5941BD9F-6029-4104-B5D3-5AF01F025284}
	EndGlobalSection
EndGlobal
